// !$*UTF8*$!
{
	archiveVersion = 1;
	classes = {
	};
	objectVersion = 46;
	objects = {

/* Begin PBXBuildFile section */
		65682E7E19CCCE1C00B679D7 /* main.m in Sources */ = {isa = PBXBuildFile; fileRef = 65682E7D19CCCE1C00B679D7 /* main.m */; };
		65682E8119CCCE1C00B679D7 /* AppDelegate.m in Sources */ = {isa = PBXBuildFile; fileRef = 65682E8019CCCE1C00B679D7 /* AppDelegate.m */; };
		65682E8719CCCE1C00B679D7 /* Main.storyboard in Resources */ = {isa = PBXBuildFile; fileRef = 65682E8519CCCE1C00B679D7 /* Main.storyboard */; };
		65682E8919CCCE1C00B679D7 /* Images.xcassets in Resources */ = {isa = PBXBuildFile; fileRef = 65682E8819CCCE1C00B679D7 /* Images.xcassets */; };
		65682E8C19CCCE1C00B679D7 /* LaunchScreen.xib in Resources */ = {isa = PBXBuildFile; fileRef = 65682E8A19CCCE1C00B679D7 /* LaunchScreen.xib */; };
		65682E9819CCCE1C00B679D7 /* ToDoAppTests.m in Sources */ = {isa = PBXBuildFile; fileRef = 65682E9719CCCE1C00B679D7 /* ToDoAppTests.m */; };
		65682EA319CCD20500B679D7 /* ToDoListViewController.m in Sources */ = {isa = PBXBuildFile; fileRef = 65682EA219CCD20500B679D7 /* ToDoListViewController.m */; };
		65682EA619CCD23B00B679D7 /* AddToDoViewController.m in Sources */ = {isa = PBXBuildFile; fileRef = 65682EA519CCD23B00B679D7 /* AddToDoViewController.m */; };
/* End PBXBuildFile section */

/* Begin PBXContainerItemProxy section */
		65682E9219CCCE1C00B679D7 /* PBXContainerItemProxy */ = {
			isa = PBXContainerItemProxy;
			containerPortal = 65682E7019CCCE1C00B679D7 /* Project object */;
			proxyType = 1;
			remoteGlobalIDString = 65682E7719CCCE1C00B679D7;
			remoteInfo = ToDoApp;
		};
/* End PBXContainerItemProxy section */

/* Begin PBXFileReference section */
		65682E7819CCCE1C00B679D7 /* ToDoApp.app */ = {isa = PBXFileReference; explicitFileType = wrapper.application; includeInIndex = 0; path = ToDoApp.app; sourceTree = BUILT_PRODUCTS_DIR; };
		65682E7C19CCCE1C00B679D7 /* Info.plist */ = {isa = PBXFileReference; lastKnownFileType = text.plist.xml; path = Info.plist; sourceTree = "<group>"; };
		65682E7D19CCCE1C00B679D7 /* main.m */ = {isa = PBXFileReference; lastKnownFileType = sourcecode.c.objc; path = main.m; sourceTree = "<group>"; };
		65682E7F19CCCE1C00B679D7 /* AppDelegate.h */ = {isa = PBXFileReference; lastKnownFileType = sourcecode.c.h; path = AppDelegate.h; sourceTree = "<group>"; };
		65682E8019CCCE1C00B679D7 /* AppDelegate.m */ = {isa = PBXFileReference; lastKnownFileType = sourcecode.c.objc; path = AppDelegate.m; sourceTree = "<group>"; };
		65682E8619CCCE1C00B679D7 /* Base */ = {isa = PBXFileReference; lastKnownFileType = file.storyboard; name = Base; path = Base.lproj/Main.storyboard; sourceTree = "<group>"; };
		65682E8819CCCE1C00B679D7 /* Images.xcassets */ = {isa = PBXFileReference; lastKnownFileType = folder.assetcatalog; path = Images.xcassets; sourceTree = "<group>"; };
		65682E8B19CCCE1C00B679D7 /* Base */ = {isa = PBXFileReference; lastKnownFileType = file.xib; name = Base; path = Base.lproj/LaunchScreen.xib; sourceTree = "<group>"; };
		65682E9119CCCE1C00B679D7 /* ToDoAppTests.xctest */ = {isa = PBXFileReference; explicitFileType = wrapper.cfbundle; includeInIndex = 0; path = ToDoAppTests.xctest; sourceTree = BUILT_PRODUCTS_DIR; };
		65682E9619CCCE1C00B679D7 /* Info.plist */ = {isa = PBXFileReference; lastKnownFileType = text.plist.xml; path = Info.plist; sourceTree = "<group>"; };
		65682E9719CCCE1C00B679D7 /* ToDoAppTests.m */ = {isa = PBXFileReference; lastKnownFileType = sourcecode.c.objc; path = ToDoAppTests.m; sourceTree = "<group>"; };
		65682EA119CCD20500B679D7 /* ToDoListViewController.h */ = {isa = PBXFileReference; fileEncoding = 4; lastKnownFileType = sourcecode.c.h; path = ToDoListViewController.h; sourceTree = "<group>"; };
		65682EA219CCD20500B679D7 /* ToDoListViewController.m */ = {isa = PBXFileReference; fileEncoding = 4; lastKnownFileType = sourcecode.c.objc; path = ToDoListViewController.m; sourceTree = "<group>"; };
		65682EA419CCD23B00B679D7 /* AddToDoViewController.h */ = {isa = PBXFileReference; fileEncoding = 4; lastKnownFileType = sourcecode.c.h; path = AddToDoViewController.h; sourceTree = "<group>"; };
		65682EA519CCD23B00B679D7 /* AddToDoViewController.m */ = {isa = PBXFileReference; fileEncoding = 4; lastKnownFileType = sourcecode.c.objc; path = AddToDoViewController.m; sourceTree = "<group>"; };
/* End PBXFileReference section */

/* Begin PBXFrameworksBuildPhase section */
		65682E7519CCCE1C00B679D7 /* Frameworks */ = {
			isa = PBXFrameworksBuildPhase;
			buildActionMask = 2147483647;
			files = (
			);
			runOnlyForDeploymentPostprocessing = 0;
		};
		65682E8E19CCCE1C00B679D7 /* Frameworks */ = {
			isa = PBXFrameworksBuildPhase;
			buildActionMask = 2147483647;
			files = (
			);
			runOnlyForDeploymentPostprocessing = 0;
		};
/* End PBXFrameworksBuildPhase section */

/* Begin PBXGroup section */
		65682E6F19CCCE1C00B679D7 = {
			isa = PBXGroup;
			children = (
				65682E7A19CCCE1C00B679D7 /* ToDoApp */,
				65682E9419CCCE1C00B679D7 /* ToDoAppTests */,
				65682E7919CCCE1C00B679D7 /* Products */,
			);
			sourceTree = "<group>";
		};
		65682E7919CCCE1C00B679D7 /* Products */ = {
			isa = PBXGroup;
			children = (
				65682E7819CCCE1C00B679D7 /* ToDoApp.app */,
				65682E9119CCCE1C00B679D7 /* ToDoAppTests.xctest */,
			);
			name = Products;
			sourceTree = "<group>";
		};
		65682E7A19CCCE1C00B679D7 /* ToDoApp */ = {
			isa = PBXGroup;
			children = (
				65682E7F19CCCE1C00B679D7 /* AppDelegate.h */,
				65682E8019CCCE1C00B679D7 /* AppDelegate.m */,
				65682E8519CCCE1C00B679D7 /* Main.storyboard */,
				65682E8819CCCE1C00B679D7 /* Images.xcassets */,
				65682E8A19CCCE1C00B679D7 /* LaunchScreen.xib */,
				65682E7B19CCCE1C00B679D7 /* Supporting Files */,
				65682EA119CCD20500B679D7 /* ToDoListViewController.h */,
				65682EA219CCD20500B679D7 /* ToDoListViewController.m */,
				65682EA419CCD23B00B679D7 /* AddToDoViewController.h */,
				65682EA519CCD23B00B679D7 /* AddToDoViewController.m */,
			);
			path = ToDoApp;
			sourceTree = "<group>";
		};
		65682E7B19CCCE1C00B679D7 /* Supporting Files */ = {
			isa = PBXGroup;
			children = (
				65682E7C19CCCE1C00B679D7 /* Info.plist */,
				65682E7D19CCCE1C00B679D7 /* main.m */,
			);
			name = "Supporting Files";
			sourceTree = "<group>";
		};
		65682E9419CCCE1C00B679D7 /* ToDoAppTests */ = {
			isa = PBXGroup;
			children = (
				65682E9719CCCE1C00B679D7 /* ToDoAppTests.m */,
				65682E9519CCCE1C00B679D7 /* Supporting Files */,
			);
			path = ToDoAppTests;
			sourceTree = "<group>";
		};
		65682E9519CCCE1C00B679D7 /* Supporting Files */ = {
			isa = PBXGroup;
			children = (
				65682E9619CCCE1C00B679D7 /* Info.plist */,
			);
			name = "Supporting Files";
			sourceTree = "<group>";
		};
/* End PBXGroup section */

/* Begin PBXNativeTarget section */
		65682E7719CCCE1C00B679D7 /* ToDoApp */ = {
			isa = PBXNativeTarget;
			buildConfigurationList = 65682E9B19CCCE1C00B679D7 /* Build configuration list for PBXNativeTarget "ToDoApp" */;
			buildPhases = (
				65682E7419CCCE1C00B679D7 /* Sources */,
				65682E7519CCCE1C00B679D7 /* Frameworks */,
				65682E7619CCCE1C00B679D7 /* Resources */,
			);
			buildRules = (
			);
			dependencies = (
			);
			name = ToDoApp;
			productName = ToDoApp;
			productReference = 65682E7819CCCE1C00B679D7 /* ToDoApp.app */;
			productType = "com.apple.product-type.application";
		};
		65682E9019CCCE1C00B679D7 /* ToDoAppTests */ = {
			isa = PBXNativeTarget;
			buildConfigurationList = 65682E9E19CCCE1C00B679D7 /* Build configuration list for PBXNativeTarget "ToDoAppTests" */;
			buildPhases = (
				65682E8D19CCCE1C00B679D7 /* Sources */,
				65682E8E19CCCE1C00B679D7 /* Frameworks */,
				65682E8F19CCCE1C00B679D7 /* Resources */,
			);
			buildRules = (
			);
			dependencies = (
				65682E9319CCCE1C00B679D7 /* PBXTargetDependency */,
			);
			name = ToDoAppTests;
			productName = ToDoAppTests;
			productReference = 65682E9119CCCE1C00B679D7 /* ToDoAppTests.xctest */;
			productType = "com.apple.product-type.bundle.unit-test";
		};
/* End PBXNativeTarget section */

/* Begin PBXProject section */
		65682E7019CCCE1C00B679D7 /* Project object */ = {
			isa = PBXProject;
			attributes = {
				LastUpgradeCheck = 0600;
				ORGANIZATIONNAME = Katiyals;
				TargetAttributes = {
					65682E7719CCCE1C00B679D7 = {
						CreatedOnToolsVersion = 6.0.1;
					};
					65682E9019CCCE1C00B679D7 = {
						CreatedOnToolsVersion = 6.0.1;
						TestTargetID = 65682E7719CCCE1C00B679D7;
					};
				};
			};
			buildConfigurationList = 65682E7319CCCE1C00B679D7 /* Build configuration list for PBXProject "ToDoApp" */;
			compatibilityVersion = "Xcode 3.2";
			developmentRegion = English;
			hasScannedForEncodings = 0;
			knownRegions = (
				en,
				Base,
			);
			mainGroup = 65682E6F19CCCE1C00B679D7;
			productRefGroup = 65682E7919CCCE1C00B679D7 /* Products */;
			projectDirPath = "";
			projectRoot = "";
			targets = (
				65682E7719CCCE1C00B679D7 /* ToDoApp */,
				65682E9019CCCE1C00B679D7 /* ToDoAppTests */,
			);
		};
/* End PBXProject section */

/* Begin PBXResourcesBuildPhase section */
		65682E7619CCCE1C00B679D7 /* Resources */ = {
			isa = PBXResourcesBuildPhase;
			buildActionMask = 2147483647;
			files = (
				65682E8719CCCE1C00B679D7 /* Main.storyboard in Resources */,
				65682E8C19CCCE1C00B679D7 /* LaunchScreen.xib in Resources */,
				65682E8919CCCE1C00B679D7 /* Images.xcassets in Resources */,
			);
			runOnlyForDeploymentPostprocessing = 0;
		};
		65682E8F19CCCE1C00B679D7 /* Resources */ = {
			isa = PBXResourcesBuildPhase;
			buildActionMask = 2147483647;
			files = (
			);
			runOnlyForDeploymentPostprocessing = 0;
		};
/* End PBXResourcesBuildPhase section */

/* Begin PBXSourcesBuildPhase section */
		65682E7419CCCE1C00B679D7 /* Sources */ = {
			isa = PBXSourcesBuildPhase;
			buildActionMask = 2147483647;
			files = (
				65682EA619CCD23B00B679D7 /* AddToDoViewController.m in Sources */,
				65682EA319CCD20500B679D7 /* ToDoListViewController.m in Sources */,
				65682E8119CCCE1C00B679D7 /* AppDelegate.m in Sources */,
				65682E7E19CCCE1C00B679D7 /* main.m in Sources */,
			);
			runOnlyForDeploymentPostprocessing = 0;
		};
		65682E8D19CCCE1C00B679D7 /* Sources */ = {
			isa = PBXSourcesBuildPhase;
			buildActionMask = 2147483647;
			files = (
				65682E9819CCCE1C00B679D7 /* ToDoAppTests.m in Sources */,
			);
			runOnlyForDeploymentPostprocessing = 0;
		};
/* End PBXSourcesBuildPhase section */

/* Begin PBXTargetDependency section */
		65682E9319CCCE1C00B679D7 /* PBXTargetDependency */ = {
			isa = PBXTargetDependency;
			target = 65682E7719CCCE1C00B679D7 /* ToDoApp */;
			targetProxy = 65682E9219CCCE1C00B679D7 /* PBXContainerItemProxy */;
		};
/* End PBXTargetDependency section */

/* Begin PBXVariantGroup section */
		65682E8519CCCE1C00B679D7 /* Main.storyboard */ = {
			isa = PBXVariantGroup;
			children = (
				65682E8619CCCE1C00B679D7 /* Base */,
			);
			name = Main.storyboard;
			sourceTree = "<group>";
		};
		65682E8A19CCCE1C00B679D7 /* LaunchScreen.xib */ = {
			isa = PBXVariantGroup;
			children = (
				65682E8B19CCCE1C00B679D7 /* Base */,
			);
			name = LaunchScreen.xib;
			sourceTree = "<group>";
		};
/* End PBXVariantGroup section */

/* Begin XCBuildConfiguration section */
		65682E9919CCCE1C00B679D7 /* Debug */ = {
			isa = XCBuildConfiguration;
			buildSettings = {
				ALWAYS_SEARCH_USER_PATHS = NO;
				CLANG_CXX_LANGUAGE_STANDARD = "gnu++0x";
				CLANG_CXX_LIBRARY = "libc++";
				CLANG_ENABLE_MODULES = YES;
				CLANG_ENABLE_OBJC_ARC = YES;
				CLANG_WARN_BOOL_CONVERSION = YES;
				CLANG_WARN_CONSTANT_CONVERSION = YES;
				CLANG_WARN_DIRECT_OBJC_ISA_USAGE = YES_ERROR;
				CLANG_WARN_EMPTY_BODY = YES;
				CLANG_WARN_ENUM_CONVERSION = YES;
				CLANG_WARN_INT_CONVERSION = YES;
				CLANG_WARN_OBJC_ROOT_CLASS = YES_ERROR;
				CLANG_WARN_UNREACHABLE_CODE = YES;
				CLANG_WARN__DUPLICATE_METHOD_MATCH = YES;
				"CODE_SIGN_IDENTITY[sdk=iphoneos*]" = "iPhone Developer";
				COPY_PHASE_STRIP = NO;
				ENABLE_STRICT_OBJC_MSGSEND = YES;
				GCC_C_LANGUAGE_STANDARD = gnu99;
				GCC_DYNAMIC_NO_PIC = NO;
				GCC_OPTIMIZATION_LEVEL = 0;
				GCC_PREPROCESSOR_DEFINITIONS = (
					"DEBUG=1",
					"$(inherited)",
				);
				GCC_SYMBOLS_PRIVATE_EXTERN = NO;
				GCC_WARN_64_TO_32_BIT_CONVERSION = YES;
				GCC_WARN_ABOUT_RETURN_TYPE = YES_ERROR;
				GCC_WARN_UNDECLARED_SELECTOR = YES;
				GCC_WARN_UNINITIALIZED_AUTOS = YES_AGGRESSIVE;
				GCC_WARN_UNUSED_FUNCTION = YES;
				GCC_WARN_UNUSED_VARIABLE = YES;
				IPHONEOS_DEPLOYMENT_TARGET = 8.0;
				MTL_ENABLE_DEBUG_INFO = YES;
				ONLY_ACTIVE_ARCH = YES;
				SDKROOT = iphoneos;
			};
			name = Debug;
		};
		65682E9A19CCCE1C00B679D7 /* Release */ = {
			isa = XCBuildConfiguration;
			buildSettings = {
				ALWAYS_SEARCH_USER_PATHS = NO;
				CLANG_CXX_LANGUAGE_STANDARD = "gnu++0x";
				CLANG_CXX_LIBRARY = "libc++";
				CLANG_ENABLE_MODULES = YES;
				CLANG_ENABLE_OBJC_ARC = YES;
				CLANG_WARN_BOOL_CONVERSION = YES;
				CLANG_WARN_CONSTANT_CONVERSION = YES;
				CLANG_WARN_DIRECT_OBJC_ISA_USAGE = YES_ERROR;
				CLANG_WARN_EMPTY_BODY = YES;
				CLANG_WARN_ENUM_CONVERSION = YES;
				CLANG_WARN_INT_CONVERSION = YES;
				CLANG_WARN_OBJC_ROOT_CLASS = YES_ERROR;
				CLANG_WARN_UNREACHABLE_CODE = YES;
				CLANG_WARN__DUPLICATE_METHOD_MATCH = YES;
				"CODE_SIGN_IDENTITY[sdk=iphoneos*]" = "iPhone Developer";
				COPY_PHASE_STRIP = YES;
				ENABLE_NS_ASSERTIONS = NO;
				ENABLE_STRICT_OBJC_MSGSEND = YES;
				GCC_C_LANGUAGE_STANDARD = gnu99;
				GCC_WARN_64_TO_32_BIT_CONVERSION = YES;
				GCC_WARN_ABOUT_RETURN_TYPE = YES_ERROR;
				GCC_WARN_UNDECLARED_SELECTOR = YES;
				GCC_WARN_UNINITIALIZED_AUTOS = YES_AGGRESSIVE;
				GCC_WARN_UNUSED_FUNCTION = YES;
				GCC_WARN_UNUSED_VARIABLE = YES;
				IPHONEOS_DEPLOYMENT_TARGET = 8.0;
				MTL_ENABLE_DEBUG_INFO = NO;
				SDKROOT = iphoneos;
				VALIDATE_PRODUCT = YES;
			};
			name = Release;
		};
		65682E9C19CCCE1C00B679D7 /* Debug */ = {
			isa = XCBuildConfiguration;
			buildSettings = {
				ASSETCATALOG_COMPILER_APPICON_NAME = AppIcon;
				INFOPLIST_FILE = ToDoApp/Info.plist;
				LD_RUNPATH_SEARCH_PATHS = "$(inherited) @executable_path/Frameworks";
				PRODUCT_NAME = "$(TARGET_NAME)";
			};
			name = Debug;
		};
		65682E9D19CCCE1C00B679D7 /* Release */ = {
			isa = XCBuildConfiguration;
			buildSettings = {
				ASSETCATALOG_COMPILER_APPICON_NAME = AppIcon;
				INFOPLIST_FILE = ToDoApp/Info.plist;
				LD_RUNPATH_SEARCH_PATHS = "$(inherited) @executable_path/Frameworks";
				PRODUCT_NAME = "$(TARGET_NAME)";
			};
			name = Release;
		};
		65682E9F19CCCE1C00B679D7 /* Debug */ = {
			isa = XCBuildConfiguration;
			buildSettings = {
				BUNDLE_LOADER = "$(TEST_HOST)";
				FRAMEWORK_SEARCH_PATHS = (
					"$(SDKROOT)/Developer/Library/Frameworks",
					"$(inherited)",
				);
				GCC_PREPROCESSOR_DEFINITIONS = (
					"DEBUG=1",
					"$(inherited)",
				);
				INFOPLIST_FILE = ToDoAppTests/Info.plist;
				LD_RUNPATH_SEARCH_PATHS = "$(inherited) @executable_path/Frameworks @loader_path/Frameworks";
				PRODUCT_NAME = "$(TARGET_NAME)";
				TEST_HOST = "$(BUILT_PRODUCTS_DIR)/ToDoApp.app/ToDoApp";
			};
			name = Debug;
		};
		65682EA019CCCE1C00B679D7 /* Release */ = {
			isa = XCBuildConfiguration;
			buildSettings = {
				BUNDLE_LOADER = "$(TEST_HOST)";
				FRAMEWORK_SEARCH_PATHS = (
					"$(SDKROOT)/Developer/Library/Frameworks",
					"$(inherited)",
				);
				INFOPLIST_FILE = ToDoAppTests/Info.plist;
				LD_RUNPATH_SEARCH_PATHS = "$(inherited) @executable_path/Frameworks @loader_path/Frameworks";
				PRODUCT_NAME = "$(TARGET_NAME)";
				TEST_HOST = "$(BUILT_PRODUCTS_DIR)/ToDoApp.app/ToDoApp";
			};
			name = Release;
		};
/* End XCBuildConfiguration section */

/* Begin XCConfigurationList section */
		65682E7319CCCE1C00B679D7 /* Build configuration list for PBXProject "ToDoApp" */ = {
			isa = XCConfigurationList;
			buildConfigurations = (
				65682E9919CCCE1C00B679D7 /* Debug */,
				65682E9A19CCCE1C00B679D7 /* Release */,
			);
			defaultConfigurationIsVisible = 0;
			defaultConfigurationName = Release;
		};
		65682E9B19CCCE1C00B679D7 /* Build configuration list for PBXNativeTarget "ToDoApp" */ = {
			isa = XCConfigurationList;
			buildConfigurations = (
				65682E9C19CCCE1C00B679D7 /* Debug */,
				65682E9D19CCCE1C00B679D7 /* Release */,
			);
			defaultConfigurationIsVisible = 0;
		};
		65682E9E19CCCE1C00B679D7 /* Build configuration list for PBXNativeTarget "ToDoAppTests" */ = {
			isa = XCConfigurationList;
			buildConfigurations = (
				65682E9F19CCCE1C00B679D7 /* Debug */,
				65682EA019CCCE1C00B679D7 /* Release */,
			);
			defaultConfigurationIsVisible = 0;
		};
/* End XCConfigurationList section */
	};
	rootObject = 65682E7019CCCE1C00B679D7 /* Project object */;
}
